{
  "version": 4,
  "terraform_version": "1.5.0",
  "serial": 13,
  "lineage": "d4b61455-680a-c16b-3fa9-e3a57e6085a5",
  "outputs": {
    "vm_server_instance_id": {
      "value": "i-0d8e6fa6377235a05",
      "type": "string"
    },
    "vm_server_instance_private_ip": {
      "value": "10.1.64.136",
      "type": "string"
    },
    "vm_server_instance_public_dns": {
      "value": "ec2-54-172-34-146.compute-1.amazonaws.com",
      "type": "string"
    },
    "vm_server_instance_public_ip": {
      "value": "54.172.34.146",
      "type": "string"
    }
  },
  "resources": [
    {
      "mode": "data",
      "type": "aws_ami",
      "name": "amazon-linux-2",
      "provider": "provider[\"registry.terraform.io/hashicorp/aws\"]",
      "instances": [
        {
          "schema_version": 0,
          "attributes": {
            "architecture": "x86_64",
            "arn": "arn:aws:ec2:us-east-1::image/ami-0f1a6835595fb9246",
            "block_device_mappings": [
              {
                "device_name": "/dev/xvda",
                "ebs": {
                  "delete_on_termination": "true",
                  "encrypted": "false",
                  "iops": "0",
                  "snapshot_id": "snap-006c535c496e5a8dc",
                  "throughput": "0",
                  "volume_size": "8",
                  "volume_type": "gp2"
                },
                "no_device": "",
                "virtual_name": ""
              }
            ],
            "boot_mode": "",
            "creation_date": "2023-06-13T22:03:56.000Z",
            "deprecation_time": "2025-06-13T22:03:56.000Z",
            "description": "Amazon Linux 2 AMI 2.0.20230612.0 x86_64 HVM gp2",
            "ena_support": true,
            "executable_users": null,
            "filter": [
              {
                "name": "name",
                "values": [
                  "amzn2-ami-hvm*"
                ]
              }
            ],
            "hypervisor": "xen",
            "id": "ami-0f1a6835595fb9246",
            "image_id": "ami-0f1a6835595fb9246",
            "image_location": "amazon/amzn2-ami-hvm-2.0.20230612.0-x86_64-gp2",
            "image_owner_alias": "amazon",
            "image_type": "machine",
            "imds_support": "",
            "include_deprecated": false,
            "kernel_id": "",
            "most_recent": true,
            "name": "amzn2-ami-hvm-2.0.20230612.0-x86_64-gp2",
            "name_regex": null,
            "owner_id": "137112412989",
            "owners": [
              "amazon"
            ],
            "platform": "",
            "platform_details": "Linux/UNIX",
            "product_codes": [],
            "public": true,
            "ramdisk_id": "",
            "root_device_name": "/dev/xvda",
            "root_device_type": "ebs",
            "root_snapshot_id": "snap-006c535c496e5a8dc",
            "sriov_net_support": "simple",
            "state": "available",
            "state_reason": {
              "code": "UNSET",
              "message": "UNSET"
            },
            "tags": {},
            "timeouts": null,
            "tpm_support": "",
            "usage_operation": "RunInstances",
            "virtualization_type": "hvm"
          },
          "sensitive_attributes": []
        }
      ]
    },
    {
      "mode": "data",
      "type": "aws_ami",
      "name": "rhel_8_5",
      "provider": "provider[\"registry.terraform.io/hashicorp/aws\"]",
      "instances": [
        {
          "schema_version": 0,
          "attributes": {
            "architecture": "x86_64",
            "arn": "arn:aws:ec2:us-east-1::image/ami-019599717e2dd5baa",
            "block_device_mappings": [
              {
                "device_name": "/dev/sda1",
                "ebs": {
                  "delete_on_termination": "true",
                  "encrypted": "false",
                  "iops": "0",
                  "snapshot_id": "snap-0a3283a4c18f1873e",
                  "throughput": "0",
                  "volume_size": "10",
                  "volume_type": "gp2"
                },
                "no_device": "",
                "virtual_name": ""
              }
            ],
            "boot_mode": "",
            "creation_date": "2022-02-01T22:03:37.000Z",
            "deprecation_time": "2024-02-01T22:03:37.000Z",
            "description": "Provided by Red Hat, Inc.",
            "ena_support": true,
            "executable_users": null,
            "filter": [
              {
                "name": "architecture",
                "values": [
                  "x86_64"
                ]
              },
              {
                "name": "name",
                "values": [
                  "RHEL-8.5*"
                ]
              },
              {
                "name": "root-device-type",
                "values": [
                  "ebs"
                ]
              },
              {
                "name": "virtualization-type",
                "values": [
                  "hvm"
                ]
              }
            ],
            "hypervisor": "xen",
            "id": "ami-019599717e2dd5baa",
            "image_id": "ami-019599717e2dd5baa",
            "image_location": "amazon/RHEL-8.5_HVM-20220127-x86_64-3-Hourly2-GP2",
            "image_owner_alias": "amazon",
            "image_type": "machine",
            "imds_support": "",
            "include_deprecated": false,
            "kernel_id": "",
            "most_recent": true,
            "name": "RHEL-8.5_HVM-20220127-x86_64-3-Hourly2-GP2",
            "name_regex": null,
            "owner_id": "309956199498",
            "owners": [
              "309956199498"
            ],
            "platform": "",
            "platform_details": "Red Hat Enterprise Linux",
            "product_codes": [],
            "public": true,
            "ramdisk_id": "",
            "root_device_name": "/dev/sda1",
            "root_device_type": "ebs",
            "root_snapshot_id": "snap-0a3283a4c18f1873e",
            "sriov_net_support": "simple",
            "state": "available",
            "state_reason": {
              "code": "UNSET",
              "message": "UNSET"
            },
            "tags": {},
            "timeouts": null,
            "tpm_support": "",
            "usage_operation": "RunInstances:0010",
            "virtualization_type": "hvm"
          },
          "sensitive_attributes": []
        }
      ]
    },
    {
      "mode": "data",
      "type": "aws_ami",
      "name": "ubuntu-linux-2004",
      "provider": "provider[\"registry.terraform.io/hashicorp/aws\"]",
      "instances": [
        {
          "schema_version": 0,
          "attributes": {
            "architecture": "x86_64",
            "arn": "arn:aws:ec2:us-east-1::image/ami-01e8572ea33b21308",
            "block_device_mappings": [
              {
                "device_name": "/dev/sda1",
                "ebs": {
                  "delete_on_termination": "true",
                  "encrypted": "false",
                  "iops": "0",
                  "snapshot_id": "snap-0f563659ef1dd26bb",
                  "throughput": "0",
                  "volume_size": "8",
                  "volume_type": "gp2"
                },
                "no_device": "",
                "virtual_name": ""
              },
              {
                "device_name": "/dev/sdb",
                "ebs": {},
                "no_device": "",
                "virtual_name": "ephemeral0"
              },
              {
                "device_name": "/dev/sdc",
                "ebs": {},
                "no_device": "",
                "virtual_name": "ephemeral1"
              }
            ],
            "boot_mode": "legacy-bios",
            "creation_date": "2023-06-16T23:32:07.000Z",
            "deprecation_time": "2025-06-16T23:32:07.000Z",
            "description": "Canonical, Ubuntu, 20.04 LTS, amd64 focal image build on 2023-06-16",
            "ena_support": true,
            "executable_users": null,
            "filter": [
              {
                "name": "name",
                "values": [
                  "ubuntu/images/hvm-ssd/ubuntu-focal-20.04-amd64-*"
                ]
              },
              {
                "name": "virtualization-type",
                "values": [
                  "hvm"
                ]
              }
            ],
            "hypervisor": "xen",
            "id": "ami-01e8572ea33b21308",
            "image_id": "ami-01e8572ea33b21308",
            "image_location": "amazon/ubuntu/images/hvm-ssd/ubuntu-focal-20.04-amd64-server-20230616",
            "image_owner_alias": "amazon",
            "image_type": "machine",
            "imds_support": "",
            "include_deprecated": false,
            "kernel_id": "",
            "most_recent": true,
            "name": "ubuntu/images/hvm-ssd/ubuntu-focal-20.04-amd64-server-20230616",
            "name_regex": null,
            "owner_id": "099720109477",
            "owners": [
              "099720109477"
            ],
            "platform": "",
            "platform_details": "Linux/UNIX",
            "product_codes": [],
            "public": true,
            "ramdisk_id": "",
            "root_device_name": "/dev/sda1",
            "root_device_type": "ebs",
            "root_snapshot_id": "snap-0f563659ef1dd26bb",
            "sriov_net_support": "simple",
            "state": "available",
            "state_reason": {
              "code": "UNSET",
              "message": "UNSET"
            },
            "tags": {},
            "timeouts": null,
            "tpm_support": "",
            "usage_operation": "RunInstances",
            "virtualization_type": "hvm"
          },
          "sensitive_attributes": []
        }
      ]
    },
    {
      "mode": "managed",
      "type": "aws_eip",
      "name": "vm-eip",
      "provider": "provider[\"registry.terraform.io/hashicorp/aws\"]",
      "instances": [
        {
          "schema_version": 0,
          "attributes": {
            "address": null,
            "allocation_id": "eipalloc-02e526404fb179f47",
            "associate_with_private_ip": null,
            "association_id": "",
            "carrier_ip": "",
            "customer_owned_ip": "",
            "customer_owned_ipv4_pool": "",
            "domain": "vpc",
            "id": "eipalloc-02e526404fb179f47",
            "instance": "",
            "network_border_group": "us-east-1",
            "network_interface": "",
            "private_dns": null,
            "private_ip": "",
            "public_dns": "ec2-54-210-232-14.compute-1.amazonaws.com",
            "public_ip": "54.210.232.14",
            "public_ipv4_pool": "amazon",
            "tags": {
              "Name": "vm-eip"
            },
            "tags_all": {
              "Name": "vm-eip"
            },
            "timeouts": null,
            "vpc": true
          },
          "sensitive_attributes": [],
          "private": "eyJlMmJmYjczMC1lY2FhLTExZTYtOGY4OC0zNDM2M2JjN2M0YzAiOnsiZGVsZXRlIjoxODAwMDAwMDAwMDAsInJlYWQiOjkwMDAwMDAwMDAwMCwidXBkYXRlIjozMDAwMDAwMDAwMDB9fQ=="
        }
      ]
    },
    {
      "mode": "managed",
      "type": "aws_eip_association",
      "name": "vm-eip-association",
      "provider": "provider[\"registry.terraform.io/hashicorp/aws\"]",
      "instances": [
        {
          "schema_version": 0,
          "attributes": {
            "allocation_id": "eipalloc-02e526404fb179f47",
            "allow_reassociation": null,
            "id": "eipassoc-0e81af030a282b067",
            "instance_id": "i-0d8e6fa6377235a05",
            "network_interface_id": "eni-0de5520f69c7e07a2",
            "private_ip_address": "10.1.64.136",
            "public_ip": "54.210.232.14"
          },
          "sensitive_attributes": [],
          "private": "bnVsbA==",
          "dependencies": [
            "aws_eip.vm-eip",
            "aws_instance.vm-server",
            "aws_key_pair.key_pair",
            "aws_security_group.aws-vm-sg",
            "aws_subnet.public-subnet",
            "aws_vpc.vpc",
            "data.aws_ami.ubuntu-linux-2004",
            "tls_private_key.key_pair"
          ]
        }
      ]
    },
    {
      "mode": "managed",
      "type": "aws_instance",
      "name": "vm-server",
      "provider": "provider[\"registry.terraform.io/hashicorp/aws\"]",
      "instances": [
        {
          "schema_version": 1,
          "attributes": {
            "ami": "ami-01e8572ea33b21308",
            "arn": "arn:aws:ec2:us-east-1:761972761988:instance/i-0d8e6fa6377235a05",
            "associate_public_ip_address": true,
            "availability_zone": "us-east-1a",
            "capacity_reservation_specification": [
              {
                "capacity_reservation_preference": "open",
                "capacity_reservation_target": []
              }
            ],
            "cpu_core_count": 1,
            "cpu_options": [
              {
                "amd_sev_snp": "",
                "core_count": 1,
                "threads_per_core": 2
              }
            ],
            "cpu_threads_per_core": 2,
            "credit_specification": [
              {
                "cpu_credits": "unlimited"
              }
            ],
            "disable_api_stop": false,
            "disable_api_termination": false,
            "ebs_block_device": [],
            "ebs_optimized": false,
            "enclave_options": [
              {
                "enabled": false
              }
            ],
            "ephemeral_block_device": [],
            "get_password_data": false,
            "hibernation": false,
            "host_id": "",
            "host_resource_group_arn": null,
            "iam_instance_profile": "",
            "id": "i-0d8e6fa6377235a05",
            "instance_initiated_shutdown_behavior": "stop",
            "instance_state": "running",
            "instance_type": "t3.small",
            "ipv6_address_count": 0,
            "ipv6_addresses": [],
            "key_name": "kopicloud-key-pair",
            "launch_template": [],
            "maintenance_options": [
              {
                "auto_recovery": "default"
              }
            ],
            "metadata_options": [
              {
                "http_endpoint": "enabled",
                "http_put_response_hop_limit": 1,
                "http_tokens": "optional",
                "instance_metadata_tags": "disabled"
              }
            ],
            "monitoring": false,
            "network_interface": [],
            "outpost_arn": "",
            "password_data": "",
            "placement_group": "",
            "placement_partition_number": 0,
            "primary_network_interface_id": "eni-0de5520f69c7e07a2",
            "private_dns": "ip-10-1-64-136.ec2.internal",
            "private_dns_name_options": [
              {
                "enable_resource_name_dns_a_record": false,
                "enable_resource_name_dns_aaaa_record": false,
                "hostname_type": "ip-name"
              }
            ],
            "private_ip": "10.1.64.136",
            "public_dns": "ec2-54-172-34-146.compute-1.amazonaws.com",
            "public_ip": "54.172.34.146",
            "root_block_device": [
              {
                "delete_on_termination": true,
                "device_name": "/dev/sda1",
                "encrypted": true,
                "iops": 100,
                "kms_key_id": "arn:aws:kms:us-east-1:761972761988:key/7d6d17d1-a4e4-4e1f-8fc0-9c66deef5aa1",
                "tags": null,
                "throughput": 0,
                "volume_id": "vol-0729caabcae35736e",
                "volume_size": 20,
                "volume_type": "gp2"
              }
            ],
            "secondary_private_ips": [],
            "security_groups": [],
            "source_dest_check": false,
            "subnet_id": "subnet-0a85084ad6eb79219",
            "tags": {
              "Name": "linux-server-vm"
            },
            "tags_all": {
              "Name": "linux-server-vm"
            },
            "tenancy": "default",
            "timeouts": null,
            "user_data": null,
            "user_data_base64": null,
            "user_data_replace_on_change": false,
            "volume_tags": null,
            "vpc_security_group_ids": [
              "sg-02221d940006cbe9a"
            ]
          },
          "sensitive_attributes": [],
          "private": "eyJlMmJmYjczMC1lY2FhLTExZTYtOGY4OC0zNDM2M2JjN2M0YzAiOnsiY3JlYXRlIjo2MDAwMDAwMDAwMDAsImRlbGV0ZSI6MTIwMDAwMDAwMDAwMCwidXBkYXRlIjo2MDAwMDAwMDAwMDB9LCJzY2hlbWFfdmVyc2lvbiI6IjEifQ==",
          "dependencies": [
            "aws_key_pair.key_pair",
            "aws_security_group.aws-vm-sg",
            "aws_subnet.public-subnet",
            "aws_vpc.vpc",
            "data.aws_ami.ubuntu-linux-2004",
            "tls_private_key.key_pair"
          ]
        }
      ]
    },
    {
      "mode": "managed",
      "type": "aws_internet_gateway",
      "name": "gw",
      "provider": "provider[\"registry.terraform.io/hashicorp/aws\"]",
      "instances": [
        {
          "schema_version": 0,
          "attributes": {
            "arn": "arn:aws:ec2:us-east-1:761972761988:internet-gateway/igw-03fac261def0c76cc",
            "id": "igw-03fac261def0c76cc",
            "owner_id": "761972761988",
            "tags": null,
            "tags_all": {},
            "timeouts": null,
            "vpc_id": "vpc-026c6fead1d2f79ab"
          },
          "sensitive_attributes": [],
          "private": "eyJlMmJmYjczMC1lY2FhLTExZTYtOGY4OC0zNDM2M2JjN2M0YzAiOnsiY3JlYXRlIjoxMjAwMDAwMDAwMDAwLCJkZWxldGUiOjEyMDAwMDAwMDAwMDAsInVwZGF0ZSI6MTIwMDAwMDAwMDAwMH19",
          "dependencies": [
            "aws_vpc.vpc"
          ]
        }
      ]
    },
    {
      "mode": "managed",
      "type": "aws_key_pair",
      "name": "key_pair",
      "provider": "provider[\"registry.terraform.io/hashicorp/aws\"]",
      "instances": [
        {
          "schema_version": 1,
          "attributes": {
            "arn": "arn:aws:ec2:us-east-1:761972761988:key-pair/kopicloud-key-pair",
            "fingerprint": "f1:fc:e4:2f:3b:f1:8b:c1:b9:34:cc:11:d8:a2:ed:10",
            "id": "kopicloud-key-pair",
            "key_name": "kopicloud-key-pair",
            "key_name_prefix": "",
            "key_pair_id": "key-0b577b2dc31134a4a",
            "key_type": "rsa",
            "public_key": "ssh-rsa AAAAB3NzaC1yc2EAAAADAQABAAACAQCvtt9M1b9Sop0M3gKZidEVocYnj9HcE3kO0UfQBZ3piyZLRIEBYlccnQnkrZjT+at5AX9g8VClXM3cYk3NW/Z/+61wSnX51ZhHHEf6lHOkgV/NIjZs6xQUQKnFi2sjWPqYKqqa4KpVrrdZQUc8yFtjay37cyp+8azYy6rp5rT21/YEeXzi0uNDWnxAQEI4CHCHfcRN65tMt1MzZaT9MmyWe6L1odxAM38I6cMSdOYdmE3BO4H6ugHS029ZR8DTL9hg/Z5McYxONxwV8B8km0USyI9WzeZ9G1792PxAGGuolAAZLzONyLHzEJ1zrYEQKC1CWCsjXMWkjuLGeYoz8IqZ8Piru3dlI5wtQJ1wjTkEla0t1GCiP7k9MMJUblNJFPyHF4NdvOszAM8jJ7P+3xmovgnq4mpRWigL6RRP+Z/YfGTMt/oJLHlnotKZ1gDbKU5EeQKitrbYCHydNd5fMY6DbsZIzCn17d8oI7FvMA/YDXwcnnkEhajeTlIfYSf0JCg2Y0vjHljfLewJe6FvvJ3Rt/e2fYhkI/e8DmBCqU2WBcY/xubRA78LyZ6+yjQ75DPcQHCZzWx4/o4VFiM5sq2bS1q1+/FEczV8IVCCpYWAZID8XvIS4JMuJO5iD6GnhruHr/PqoAqg49M1lobo2g+7Vt3vAjSnJdiRQbKe0JQ/vQ==",
            "tags": null,
            "tags_all": {}
          },
          "sensitive_attributes": [],
          "private": "eyJzY2hlbWFfdmVyc2lvbiI6IjEifQ==",
          "dependencies": [
            "tls_private_key.key_pair"
          ]
        }
      ]
    },
    {
      "mode": "managed",
      "type": "aws_route_table",
      "name": "public-rt",
      "provider": "provider[\"registry.terraform.io/hashicorp/aws\"]",
      "instances": [
        {
          "schema_version": 0,
          "attributes": {
            "arn": "arn:aws:ec2:us-east-1:761972761988:route-table/rtb-032742ac833941179",
            "id": "rtb-032742ac833941179",
            "owner_id": "761972761988",
            "propagating_vgws": [],
            "route": [
              {
                "carrier_gateway_id": "",
                "cidr_block": "0.0.0.0/0",
                "core_network_arn": "",
                "destination_prefix_list_id": "",
                "egress_only_gateway_id": "",
                "gateway_id": "igw-03fac261def0c76cc",
                "instance_id": "",
                "ipv6_cidr_block": "",
                "local_gateway_id": "",
                "nat_gateway_id": "",
                "network_interface_id": "",
                "transit_gateway_id": "",
                "vpc_endpoint_id": "",
                "vpc_peering_connection_id": ""
              }
            ],
            "tags": null,
            "tags_all": {},
            "timeouts": null,
            "vpc_id": "vpc-026c6fead1d2f79ab"
          },
          "sensitive_attributes": [],
          "private": "eyJlMmJmYjczMC1lY2FhLTExZTYtOGY4OC0zNDM2M2JjN2M0YzAiOnsiY3JlYXRlIjozMDAwMDAwMDAwMDAsImRlbGV0ZSI6MzAwMDAwMDAwMDAwLCJ1cGRhdGUiOjEyMDAwMDAwMDAwMH19",
          "dependencies": [
            "aws_internet_gateway.gw",
            "aws_vpc.vpc"
          ]
        }
      ]
    },
    {
      "mode": "managed",
      "type": "aws_route_table_association",
      "name": "public-rt-association",
      "provider": "provider[\"registry.terraform.io/hashicorp/aws\"]",
      "instances": [
        {
          "schema_version": 0,
          "attributes": {
            "gateway_id": "",
            "id": "rtbassoc-09f21314193407bd8",
            "route_table_id": "rtb-032742ac833941179",
            "subnet_id": "subnet-0a85084ad6eb79219",
            "timeouts": null
          },
          "sensitive_attributes": [],
          "private": "eyJlMmJmYjczMC1lY2FhLTExZTYtOGY4OC0zNDM2M2JjN2M0YzAiOnsiY3JlYXRlIjozMDAwMDAwMDAwMDAsImRlbGV0ZSI6MzAwMDAwMDAwMDAwLCJ1cGRhdGUiOjEyMDAwMDAwMDAwMH19",
          "dependencies": [
            "aws_internet_gateway.gw",
            "aws_route_table.public-rt",
            "aws_subnet.public-subnet",
            "aws_vpc.vpc"
          ]
        }
      ]
    },
    {
      "mode": "managed",
      "type": "aws_security_group",
      "name": "aws-vm-sg",
      "provider": "provider[\"registry.terraform.io/hashicorp/aws\"]",
      "instances": [
        {
          "schema_version": 1,
          "attributes": {
            "arn": "arn:aws:ec2:us-east-1:761972761988:security-group/sg-02221d940006cbe9a",
            "description": "Allow incoming connections",
            "egress": [
              {
                "cidr_blocks": [
                  "0.0.0.0/0"
                ],
                "description": "",
                "from_port": 0,
                "ipv6_cidr_blocks": [],
                "prefix_list_ids": [],
                "protocol": "-1",
                "security_groups": [],
                "self": false,
                "to_port": 0
              }
            ],
            "id": "sg-02221d940006cbe9a",
            "ingress": [
              {
                "cidr_blocks": [
                  "0.0.0.0/0"
                ],
                "description": "Allow incoming HTTP connections",
                "from_port": 80,
                "ipv6_cidr_blocks": [],
                "prefix_list_ids": [],
                "protocol": "tcp",
                "security_groups": [],
                "self": false,
                "to_port": 80
              },
              {
                "cidr_blocks": [
                  "0.0.0.0/0"
                ],
                "description": "Allow incoming RDP connections (Windows)",
                "from_port": 3389,
                "ipv6_cidr_blocks": [],
                "prefix_list_ids": [],
                "protocol": "tcp",
                "security_groups": [],
                "self": false,
                "to_port": 3389
              },
              {
                "cidr_blocks": [
                  "0.0.0.0/0"
                ],
                "description": "Allow incoming SSH connections (Linux)",
                "from_port": 22,
                "ipv6_cidr_blocks": [],
                "prefix_list_ids": [],
                "protocol": "tcp",
                "security_groups": [],
                "self": false,
                "to_port": 22
              }
            ],
            "name": "vm-sg",
            "name_prefix": "",
            "owner_id": "761972761988",
            "revoke_rules_on_delete": false,
            "tags": {
              "Name": "windows-sg"
            },
            "tags_all": {
              "Name": "windows-sg"
            },
            "timeouts": null,
            "vpc_id": "vpc-026c6fead1d2f79ab"
          },
          "sensitive_attributes": [],
          "private": "eyJlMmJmYjczMC1lY2FhLTExZTYtOGY4OC0zNDM2M2JjN2M0YzAiOnsiY3JlYXRlIjo2MDAwMDAwMDAwMDAsImRlbGV0ZSI6OTAwMDAwMDAwMDAwfSwic2NoZW1hX3ZlcnNpb24iOiIxIn0=",
          "dependencies": [
            "aws_vpc.vpc"
          ]
        }
      ]
    },
    {
      "mode": "managed",
      "type": "aws_subnet",
      "name": "public-subnet",
      "provider": "provider[\"registry.terraform.io/hashicorp/aws\"]",
      "instances": [
        {
          "schema_version": 1,
          "attributes": {
            "arn": "arn:aws:ec2:us-east-1:761972761988:subnet/subnet-0a85084ad6eb79219",
            "assign_ipv6_address_on_creation": false,
            "availability_zone": "us-east-1a",
            "availability_zone_id": "use1-az6",
            "cidr_block": "10.1.64.0/24",
            "customer_owned_ipv4_pool": "",
            "enable_dns64": false,
            "enable_lni_at_device_index": 0,
            "enable_resource_name_dns_a_record_on_launch": false,
            "enable_resource_name_dns_aaaa_record_on_launch": false,
            "id": "subnet-0a85084ad6eb79219",
            "ipv6_cidr_block": "",
            "ipv6_cidr_block_association_id": "",
            "ipv6_native": false,
            "map_customer_owned_ip_on_launch": false,
            "map_public_ip_on_launch": false,
            "outpost_arn": "",
            "owner_id": "761972761988",
            "private_dns_hostname_type_on_launch": "ip-name",
            "tags": null,
            "tags_all": {},
            "timeouts": null,
            "vpc_id": "vpc-026c6fead1d2f79ab"
          },
          "sensitive_attributes": [],
          "private": "eyJlMmJmYjczMC1lY2FhLTExZTYtOGY4OC0zNDM2M2JjN2M0YzAiOnsiY3JlYXRlIjo2MDAwMDAwMDAwMDAsImRlbGV0ZSI6MTIwMDAwMDAwMDAwMH0sInNjaGVtYV92ZXJzaW9uIjoiMSJ9",
          "dependencies": [
            "aws_vpc.vpc"
          ]
        }
      ]
    },
    {
      "mode": "managed",
      "type": "aws_vpc",
      "name": "vpc",
      "provider": "provider[\"registry.terraform.io/hashicorp/aws\"]",
      "instances": [
        {
          "schema_version": 1,
          "attributes": {
            "arn": "arn:aws:ec2:us-east-1:761972761988:vpc/vpc-026c6fead1d2f79ab",
            "assign_generated_ipv6_cidr_block": false,
            "cidr_block": "10.1.64.0/18",
            "default_network_acl_id": "acl-0126947c4b029cd3b",
            "default_route_table_id": "rtb-0bea1f1d0d6be1501",
            "default_security_group_id": "sg-05df0d68115c63c0d",
            "dhcp_options_id": "dopt-02c5b405e2d444313",
            "enable_classiclink": false,
            "enable_classiclink_dns_support": false,
            "enable_dns_hostnames": true,
            "enable_dns_support": true,
            "enable_network_address_usage_metrics": false,
            "id": "vpc-026c6fead1d2f79ab",
            "instance_tenancy": "default",
            "ipv4_ipam_pool_id": null,
            "ipv4_netmask_length": null,
            "ipv6_association_id": "",
            "ipv6_cidr_block": "",
            "ipv6_cidr_block_network_border_group": "",
            "ipv6_ipam_pool_id": "",
            "ipv6_netmask_length": 0,
            "main_route_table_id": "rtb-0bea1f1d0d6be1501",
            "owner_id": "761972761988",
            "tags": null,
            "tags_all": {}
          },
          "sensitive_attributes": [],
          "private": "eyJzY2hlbWFfdmVyc2lvbiI6IjEifQ=="
        }
      ]
    },
    {
      "mode": "managed",
      "type": "local_file",
      "name": "ssh_key",
      "provider": "provider[\"registry.terraform.io/hashicorp/local\"]",
      "instances": [
        {
          "schema_version": 0,
          "attributes": {
            "content": "-----BEGIN RSA PRIVATE KEY-----\nMIIJKgIBAAKCAgEAr7bfTNW/UqKdDN4CmYnRFaHGJ4/R3BN5DtFH0AWd6YsmS0SB\nAWJXHJ0J5K2Y0/mreQF/YPFQpVzN3GJNzVv2f/utcEp1+dWYRxxH+pRzpIFfzSI2\nbOsUFECpxYtrI1j6mCqqmuCqVa63WUFHPMhbY2st+3MqfvGs2Muq6ea09tf2BHl8\n4tLjQ1p8QEBCOAhwh33ETeubTLdTM2Wk/TJslnui9aHcQDN/COnDEnTmHZhNwTuB\n+roB0tNvWUfA0y/YYP2eTHGMTjccFfAfJJtFEsiPVs3mfRte/dj8QBhrqJQAGS8z\njcix8xCdc62BECgtQlgrI1zFpI7ixnmKM/CKmfD4q7t3ZSOcLUCdcI05BJWtLdRg\noj+5PTDCVG5TSRT8hxeDXbzrMwDPIyez/t8ZqL4J6uJqUVooC+kUT/mf2HxkzLf6\nCSx5Z6LSmdYA2ylORHkCora22Ah8nTXeXzGOg27GSMwp9e3fKCOxbzAP2A18HJ55\nBIWo3k5SH2En9CQoNmNL4x5Y3y3sCXuhb7yd0bf3tn2IZCP3vA5gQqlNlgXGP8bm\n0QO/C8mevso0O+Qz3EBwmc1seP6OFRYjObKtm0tatfvxRHM1fCFQgqWFgGSA/F7y\nEuCTLiTuYg+hp4a7h6/z6qAKoOPTNZaG6NoPu1bd7wI0pyXYkUGyntCUP70CAwEA\nAQKCAgEAk1WbVynDCt8fILLnKybMEn9bT8DgDtClKS+CL4MGLdVnfqUqJqb2tB9Z\nNE37X4JxrTz8OaUeIgn281vaMN9ziUzW2NkWoy3eSYIFOK9RaBay5aZSTHGwnGq7\n79A/PZxWQ1FDTColqUKeqlB6ExVMy8gK/lRKxbaPYBkmbonsIy5iMs5LUUXTGZ69\noIJBBArPkEx8VXnA9kqhkO8hsMyfEG8K7TuTGqITWr3nu4oZiaczS1tCWaGt9cEk\nFJB9tpbfsDP4j9CF/O9otVxqQJ+RA3b3+akcIrrYo7FVkcjoPKociwFxEOm/jDfa\nTiylk46cpIyZX0Vi0+CbdiBjKbn//EDKXsBTqIBZ2loFFli4VhffLXDVp0mexpOM\nxu5abExwdOLGkSmHPeVpclCyYjAbqdyo5CXPBpyuSlJt0+ljGl+ogUCPPWkuGdnx\nupLlTNHGRC72tCgpdkge5BCTSr7NIVQ14Hz2F3KdNTOfUDwfRQTtryelhC3efpQ4\n/x7Teu+/MfaRjrv7H2A25VBtMcuGrpoASnIildrPxd3ed2htZ5DSJJDum6BXSvAc\n6gB7B8tymvzw5ZLec3jvxqGvaohnrG92qlTc4L4kZ4t2ED87i9er4e/ijnNZpYlR\nRITxHNT0BAQ0rh9pY6kgDGARZeVgB0fcOMki+38aIMg4TqiVTAECggEBANLEY4sE\ngdr0kbCqh60/vc74rEzWn33XKwTZaTQYaqeu/ff2aerYfJ+m67Y7qFViy3s6Fkng\ntg1lF+jdl0EW5zLb/PKshE7VDTKwDCgnNsNA1PzcVG+M/2ZWFFA/N9T7ns4TxJdm\n06sMH1pxw/XWdaxegHS2/XnXK8vz8URcA2Ngyrv4ru5TSEtJAtJX41g7Nva1ZJLR\nu5KnjZ/B1rzYtSPxsfwb3ORW1ZoxQd0DpQjY4n4vww0zsp/yd+TlC+kXXSNE3R2j\nwsphtdidqvkJv59cbk6DgMDsRN4nUctiEoxa0MtoZql++FQChNuZyzvlK5OLJNgi\nrQU9j0GkVVJIVB0CggEBANVsrAUhkDFZxxMGsp8hyxRsZzex2cPUgRKpxhfTEAmD\nDC7Qk72vZL0tUtz4C4qU3atgIb+eKJGmHJVTbSSoFPDSMJcf1jjJDIu8Cv4qSxtQ\nYULamR6DolzOaV62GI5dmRPTGtVvXr7CTSuxLANBPiJqs0hCZqmQ3bD0uxn9Rrej\nX6BNU/O/1/p/ON2Z48jJC/mAww3MIBngoebwnLa6y3+ByrZkVMQMJGkoazxmZ37E\nrW8pruST1Jvv9J5M/gJy7TZrXvIFjSlX+mLycXUyK35CNqat3HKTJ5OFEgbNkXJO\nHNwB1VbZwn087kw/fUr0WdXd8t/QI3xydbWM24I6iCECggEAY2jrxoMOuHZITTpx\nmf6JiRhzNB66xUD6cmQVIdQuYf7AnPbliDYpuaeiX6aNxBBAB1QjdR7+3xyChXwW\nvkWOMMff65oBIamNew3b/ghY5QksLEPDs4WeZOdO13ap39P6WBqsy/hc971VAHTO\nR6Kqh+1eyy4QKiqZ5q2da2+2zWW22af24kP3wkKiiRGZEmGDkCOIV1ODFC3hN6vW\nm+XesiBqoY2Gx1BJmVuIRDVW3vBlC719UznCE3zqndSGpJ83d84gOL2nv4sMmSns\nnV/CuOiAwpl13gjShrGm+7W7J+Yhuv74BRP1DrLNdUJ5wDtcLVAgxay9TM53Ri+7\nan7g5QKCAQEAn/pek1YORL/cFmnt2JS3Ki77y+a3qjAPNFMoVtFx8v9VUX4tUIE5\njQh9VX9k/1MJOh3MDltaY5rVUCWB6XlIgR+9JnrJ1DT3/4JL5ysCs42z6i37msDn\nIpPirgjnLUgBp7eVJKnfpjP1LqwWprXwAlJi4uZLGA2r76ny2c9dg+ellX6BUHPc\nTDuy/4EMGoSBQlv/WcdJxLv6ACcaAWrRgVlj/wYD+BR18pFGmLbWG1MIAgyHuXUK\naH0cqtBhkqpdH26qc9Yvcu8sk6DR5RxfN7wgRR6L4SJnBxA3a/wJa1ocDdod9YUz\nYTccFPF+VIIHGOXO2W+mOfF+REE6hUqkoQKCAQEAucdQr0ujtIPnE2MFsKxIW9v9\nWywmjq7t2r9WIz0UUw/KTrDlG8A8qJuWsQq+a/Dq9JYUpC1e+bPQOp6YsaS44zyu\nE06BHZfJAJs4xkc0W1RWrm8pRJY3Ibukzmw4My1xX3M/G2Aj+rk7ImBbl1KOaV49\nFVzxUyFpF/B2AYVUK43Luw5NyNdzFYWwCNyluPhzY+IcBpCv6Xb+8do3J8YTfL6g\n3CUZFCwemztGFPt5LMKsp9qVn4YxtGh9qqWk/+oLXAgctoilbBw9nqKZ2ahDGreS\ntdyDCv4ODbmiA1nmjj3uFq7oYoCw8OCgyAoxNxp8YEnSNK9kbvbUt7xO1Pwutw==\n-----END RSA PRIVATE KEY-----\n",
            "content_base64": null,
            "content_base64sha256": "5MqkXYwXo8W6lier8cyZbp0AIsyQmqk4uVuR6MALXLc=",
            "content_base64sha512": "i7DmU81a7kQo104Pqa8LGYDd+Y2k5pKah7kif0to8NqdkN4OyHDRPlElnrBs5oVl9hgEiK3k18g3rTLph5yFFQ==",
            "content_md5": "b78977adef83f8d34c20450bba812c72",
            "content_sha1": "f093dd773e40b5244c60dcbfdff765ea910d92bd",
            "content_sha256": "e4caa45d8c17a3c5ba9627abf1cc996e9d0022cc909aa938b95b91e8c00b5cb7",
            "content_sha512": "8bb0e653cd5aee4428d74e0fa9af0b1980ddf98da4e6929a87b9227f4b68f0da9d90de0ec870d13e51259eb06ce68565f6180488ade4d7c837ad32e9879c8515",
            "directory_permission": "0777",
            "file_permission": "0777",
            "filename": "kopicloud-key-pair.pem",
            "id": "f093dd773e40b5244c60dcbfdff765ea910d92bd",
            "sensitive_content": null,
            "source": null
          },
          "sensitive_attributes": [
            [
              {
                "type": "get_attr",
                "value": "content"
              }
            ]
          ],
          "dependencies": [
            "aws_key_pair.key_pair",
            "tls_private_key.key_pair"
          ]
        }
      ]
    },
    {
      "mode": "managed",
      "type": "tls_private_key",
      "name": "key_pair",
      "provider": "provider[\"registry.terraform.io/hashicorp/tls\"]",
      "instances": [
        {
          "schema_version": 1,
          "attributes": {
            "algorithm": "RSA",
            "ecdsa_curve": "P224",
            "id": "25996d59f787574b2ed040aae1f6ad0ff906eeed",
            "private_key_openssh": "-----BEGIN OPENSSH PRIVATE KEY-----\nb3BlbnNzaC1rZXktdjEAAAAABG5vbmUAAAAEbm9uZQAAAAAAAAABAAACFwAAAAdz\nc2gtcnNhAAAAAwEAAQAAAgEAr7bfTNW/UqKdDN4CmYnRFaHGJ4/R3BN5DtFH0AWd\n6YsmS0SBAWJXHJ0J5K2Y0/mreQF/YPFQpVzN3GJNzVv2f/utcEp1+dWYRxxH+pRz\npIFfzSI2bOsUFECpxYtrI1j6mCqqmuCqVa63WUFHPMhbY2st+3MqfvGs2Muq6ea0\n9tf2BHl84tLjQ1p8QEBCOAhwh33ETeubTLdTM2Wk/TJslnui9aHcQDN/COnDEnTm\nHZhNwTuB+roB0tNvWUfA0y/YYP2eTHGMTjccFfAfJJtFEsiPVs3mfRte/dj8QBhr\nqJQAGS8zjcix8xCdc62BECgtQlgrI1zFpI7ixnmKM/CKmfD4q7t3ZSOcLUCdcI05\nBJWtLdRgoj+5PTDCVG5TSRT8hxeDXbzrMwDPIyez/t8ZqL4J6uJqUVooC+kUT/mf\n2HxkzLf6CSx5Z6LSmdYA2ylORHkCora22Ah8nTXeXzGOg27GSMwp9e3fKCOxbzAP\n2A18HJ55BIWo3k5SH2En9CQoNmNL4x5Y3y3sCXuhb7yd0bf3tn2IZCP3vA5gQqlN\nlgXGP8bm0QO/C8mevso0O+Qz3EBwmc1seP6OFRYjObKtm0tatfvxRHM1fCFQgqWF\ngGSA/F7yEuCTLiTuYg+hp4a7h6/z6qAKoOPTNZaG6NoPu1bd7wI0pyXYkUGyntCU\nP70AAAc4dn+x/nZ/sf4AAAAHc3NoLXJzYQAAAgEAr7bfTNW/UqKdDN4CmYnRFaHG\nJ4/R3BN5DtFH0AWd6YsmS0SBAWJXHJ0J5K2Y0/mreQF/YPFQpVzN3GJNzVv2f/ut\ncEp1+dWYRxxH+pRzpIFfzSI2bOsUFECpxYtrI1j6mCqqmuCqVa63WUFHPMhbY2st\n+3MqfvGs2Muq6ea09tf2BHl84tLjQ1p8QEBCOAhwh33ETeubTLdTM2Wk/TJslnui\n9aHcQDN/COnDEnTmHZhNwTuB+roB0tNvWUfA0y/YYP2eTHGMTjccFfAfJJtFEsiP\nVs3mfRte/dj8QBhrqJQAGS8zjcix8xCdc62BECgtQlgrI1zFpI7ixnmKM/CKmfD4\nq7t3ZSOcLUCdcI05BJWtLdRgoj+5PTDCVG5TSRT8hxeDXbzrMwDPIyez/t8ZqL4J\n6uJqUVooC+kUT/mf2HxkzLf6CSx5Z6LSmdYA2ylORHkCora22Ah8nTXeXzGOg27G\nSMwp9e3fKCOxbzAP2A18HJ55BIWo3k5SH2En9CQoNmNL4x5Y3y3sCXuhb7yd0bf3\ntn2IZCP3vA5gQqlNlgXGP8bm0QO/C8mevso0O+Qz3EBwmc1seP6OFRYjObKtm0ta\ntfvxRHM1fCFQgqWFgGSA/F7yEuCTLiTuYg+hp4a7h6/z6qAKoOPTNZaG6NoPu1bd\n7wI0pyXYkUGyntCUP70AAAADAQABAAACAQCTVZtXKcMK3x8gsucrJswSf1tPwOAO\n0KUpL4IvgwYt1Wd+pSompva0H1k0TftfgnGtPPw5pR4iCfbzW9ow33OJTNbY2Raj\nLd5JggU4r1FoFrLlplJMcbCcarvv0D89nFZDUUNMKiWpQp6qUHoTFUzLyAr+VErF\nto9gGSZuiewjLmIyzktRRdMZnr2ggkEECs+QTHxVecD2SqGQ7yGwzJ8QbwrtO5Ma\nohNavee7ihmJpzNLW0JZoa31wSQUkH22lt+wM/iP0IX872i1XGpAn5EDdvf5qRwi\nutijsVWRyOg8qhyLAXEQ6b+MN9pOLKWTjpykjJlfRWLT4Jt2IGMpuf/8QMpewFOo\ngFnaWgUWWLhWF98tcNWnSZ7Gk4zG7lpsTHB04saRKYc95WlyULJiMBup3KjkJc8G\nnK5KUm3T6WMaX6iBQI89aS4Z2fG6kuVM0cZELva0KCl2SB7kEJNKvs0hVDXgfPYX\ncp01M59QPB9FBO2vJ6WELd5+lDj/HtN6778x9pGOu/sfYDblUG0xy4aumgBKciKV\n2s/F3d53aG1nkNIkkO6boFdK8BzqAHsHy3Ka/PDlkt5zeO/Goa9qiGesb3aqVNzg\nviRni3YQPzuL16vh7+KOc1mliVFEhPEc1PQEBDSuH2ljqSAMYBFl5WAHR9w4ySL7\nfxogyDhOqJVMAQAAAQEAucdQr0ujtIPnE2MFsKxIW9v9Wywmjq7t2r9WIz0UUw/K\nTrDlG8A8qJuWsQq+a/Dq9JYUpC1e+bPQOp6YsaS44zyuE06BHZfJAJs4xkc0W1RW\nrm8pRJY3Ibukzmw4My1xX3M/G2Aj+rk7ImBbl1KOaV49FVzxUyFpF/B2AYVUK43L\nuw5NyNdzFYWwCNyluPhzY+IcBpCv6Xb+8do3J8YTfL6g3CUZFCwemztGFPt5LMKs\np9qVn4YxtGh9qqWk/+oLXAgctoilbBw9nqKZ2ahDGreStdyDCv4ODbmiA1nmjj3u\nFq7oYoCw8OCgyAoxNxp8YEnSNK9kbvbUt7xO1PwutwAAAQEA0sRjiwSB2vSRsKqH\nrT+9zvisTNaffdcrBNlpNBhqp6799/Zp6th8n6brtjuoVWLLezoWSeC2DWUX6N2X\nQRbnMtv88qyETtUNMrAMKCc2w0DU/NxUb4z/ZlYUUD831PuezhPEl2bTqwwfWnHD\n9dZ1rF6AdLb9edcry/PxRFwDY2DKu/iu7lNIS0kC0lfjWDs29rVkktG7kqeNn8HW\nvNi1I/Gx/Bvc5FbVmjFB3QOlCNjifi/DDTOyn/J35OUL6RddI0TdHaPCymG12J2q\n+Qm/n1xuToOAwOxE3idRy2ISjFrQy2hmqX74VAKE25nLO+Urk4sk2CKtBT2PQaRV\nUkhUHQAAAQEA1WysBSGQMVnHEwaynyHLFGxnN7HZw9SBEqnGF9MQCYMMLtCTva9k\nvS1S3PgLipTdq2Ahv54okaYclVNtJKgU8NIwlx/WOMkMi7wK/ipLG1BhQtqZHoOi\nXM5pXrYYjl2ZE9Ma1W9evsJNK7EsA0E+ImqzSEJmqZDdsPS7Gf1Gt6NfoE1T87/X\n+n843ZnjyMkL+YDDDcwgGeCh5vCctrrLf4HKtmRUxAwkaShrPGZnfsStbymu5JPU\nm+/0nkz+AnLtNmte8gWNKVf6YvJxdTIrfkI2pq3ccpMnk4USBs2Rck4c3AHVVtnC\nfTzuTD99SvRZ1d3y39AjfHJ1tYzbgjqIIQAAAAAB\n-----END OPENSSH PRIVATE KEY-----\n",
            "private_key_pem": "-----BEGIN RSA PRIVATE KEY-----\nMIIJKgIBAAKCAgEAr7bfTNW/UqKdDN4CmYnRFaHGJ4/R3BN5DtFH0AWd6YsmS0SB\nAWJXHJ0J5K2Y0/mreQF/YPFQpVzN3GJNzVv2f/utcEp1+dWYRxxH+pRzpIFfzSI2\nbOsUFECpxYtrI1j6mCqqmuCqVa63WUFHPMhbY2st+3MqfvGs2Muq6ea09tf2BHl8\n4tLjQ1p8QEBCOAhwh33ETeubTLdTM2Wk/TJslnui9aHcQDN/COnDEnTmHZhNwTuB\n+roB0tNvWUfA0y/YYP2eTHGMTjccFfAfJJtFEsiPVs3mfRte/dj8QBhrqJQAGS8z\njcix8xCdc62BECgtQlgrI1zFpI7ixnmKM/CKmfD4q7t3ZSOcLUCdcI05BJWtLdRg\noj+5PTDCVG5TSRT8hxeDXbzrMwDPIyez/t8ZqL4J6uJqUVooC+kUT/mf2HxkzLf6\nCSx5Z6LSmdYA2ylORHkCora22Ah8nTXeXzGOg27GSMwp9e3fKCOxbzAP2A18HJ55\nBIWo3k5SH2En9CQoNmNL4x5Y3y3sCXuhb7yd0bf3tn2IZCP3vA5gQqlNlgXGP8bm\n0QO/C8mevso0O+Qz3EBwmc1seP6OFRYjObKtm0tatfvxRHM1fCFQgqWFgGSA/F7y\nEuCTLiTuYg+hp4a7h6/z6qAKoOPTNZaG6NoPu1bd7wI0pyXYkUGyntCUP70CAwEA\nAQKCAgEAk1WbVynDCt8fILLnKybMEn9bT8DgDtClKS+CL4MGLdVnfqUqJqb2tB9Z\nNE37X4JxrTz8OaUeIgn281vaMN9ziUzW2NkWoy3eSYIFOK9RaBay5aZSTHGwnGq7\n79A/PZxWQ1FDTColqUKeqlB6ExVMy8gK/lRKxbaPYBkmbonsIy5iMs5LUUXTGZ69\noIJBBArPkEx8VXnA9kqhkO8hsMyfEG8K7TuTGqITWr3nu4oZiaczS1tCWaGt9cEk\nFJB9tpbfsDP4j9CF/O9otVxqQJ+RA3b3+akcIrrYo7FVkcjoPKociwFxEOm/jDfa\nTiylk46cpIyZX0Vi0+CbdiBjKbn//EDKXsBTqIBZ2loFFli4VhffLXDVp0mexpOM\nxu5abExwdOLGkSmHPeVpclCyYjAbqdyo5CXPBpyuSlJt0+ljGl+ogUCPPWkuGdnx\nupLlTNHGRC72tCgpdkge5BCTSr7NIVQ14Hz2F3KdNTOfUDwfRQTtryelhC3efpQ4\n/x7Teu+/MfaRjrv7H2A25VBtMcuGrpoASnIildrPxd3ed2htZ5DSJJDum6BXSvAc\n6gB7B8tymvzw5ZLec3jvxqGvaohnrG92qlTc4L4kZ4t2ED87i9er4e/ijnNZpYlR\nRITxHNT0BAQ0rh9pY6kgDGARZeVgB0fcOMki+38aIMg4TqiVTAECggEBANLEY4sE\ngdr0kbCqh60/vc74rEzWn33XKwTZaTQYaqeu/ff2aerYfJ+m67Y7qFViy3s6Fkng\ntg1lF+jdl0EW5zLb/PKshE7VDTKwDCgnNsNA1PzcVG+M/2ZWFFA/N9T7ns4TxJdm\n06sMH1pxw/XWdaxegHS2/XnXK8vz8URcA2Ngyrv4ru5TSEtJAtJX41g7Nva1ZJLR\nu5KnjZ/B1rzYtSPxsfwb3ORW1ZoxQd0DpQjY4n4vww0zsp/yd+TlC+kXXSNE3R2j\nwsphtdidqvkJv59cbk6DgMDsRN4nUctiEoxa0MtoZql++FQChNuZyzvlK5OLJNgi\nrQU9j0GkVVJIVB0CggEBANVsrAUhkDFZxxMGsp8hyxRsZzex2cPUgRKpxhfTEAmD\nDC7Qk72vZL0tUtz4C4qU3atgIb+eKJGmHJVTbSSoFPDSMJcf1jjJDIu8Cv4qSxtQ\nYULamR6DolzOaV62GI5dmRPTGtVvXr7CTSuxLANBPiJqs0hCZqmQ3bD0uxn9Rrej\nX6BNU/O/1/p/ON2Z48jJC/mAww3MIBngoebwnLa6y3+ByrZkVMQMJGkoazxmZ37E\nrW8pruST1Jvv9J5M/gJy7TZrXvIFjSlX+mLycXUyK35CNqat3HKTJ5OFEgbNkXJO\nHNwB1VbZwn087kw/fUr0WdXd8t/QI3xydbWM24I6iCECggEAY2jrxoMOuHZITTpx\nmf6JiRhzNB66xUD6cmQVIdQuYf7AnPbliDYpuaeiX6aNxBBAB1QjdR7+3xyChXwW\nvkWOMMff65oBIamNew3b/ghY5QksLEPDs4WeZOdO13ap39P6WBqsy/hc971VAHTO\nR6Kqh+1eyy4QKiqZ5q2da2+2zWW22af24kP3wkKiiRGZEmGDkCOIV1ODFC3hN6vW\nm+XesiBqoY2Gx1BJmVuIRDVW3vBlC719UznCE3zqndSGpJ83d84gOL2nv4sMmSns\nnV/CuOiAwpl13gjShrGm+7W7J+Yhuv74BRP1DrLNdUJ5wDtcLVAgxay9TM53Ri+7\nan7g5QKCAQEAn/pek1YORL/cFmnt2JS3Ki77y+a3qjAPNFMoVtFx8v9VUX4tUIE5\njQh9VX9k/1MJOh3MDltaY5rVUCWB6XlIgR+9JnrJ1DT3/4JL5ysCs42z6i37msDn\nIpPirgjnLUgBp7eVJKnfpjP1LqwWprXwAlJi4uZLGA2r76ny2c9dg+ellX6BUHPc\nTDuy/4EMGoSBQlv/WcdJxLv6ACcaAWrRgVlj/wYD+BR18pFGmLbWG1MIAgyHuXUK\naH0cqtBhkqpdH26qc9Yvcu8sk6DR5RxfN7wgRR6L4SJnBxA3a/wJa1ocDdod9YUz\nYTccFPF+VIIHGOXO2W+mOfF+REE6hUqkoQKCAQEAucdQr0ujtIPnE2MFsKxIW9v9\nWywmjq7t2r9WIz0UUw/KTrDlG8A8qJuWsQq+a/Dq9JYUpC1e+bPQOp6YsaS44zyu\nE06BHZfJAJs4xkc0W1RWrm8pRJY3Ibukzmw4My1xX3M/G2Aj+rk7ImBbl1KOaV49\nFVzxUyFpF/B2AYVUK43Luw5NyNdzFYWwCNyluPhzY+IcBpCv6Xb+8do3J8YTfL6g\n3CUZFCwemztGFPt5LMKsp9qVn4YxtGh9qqWk/+oLXAgctoilbBw9nqKZ2ahDGreS\ntdyDCv4ODbmiA1nmjj3uFq7oYoCw8OCgyAoxNxp8YEnSNK9kbvbUt7xO1Pwutw==\n-----END RSA PRIVATE KEY-----\n",
            "private_key_pem_pkcs8": "-----BEGIN PRIVATE KEY-----\nMIIJRAIBADANBgkqhkiG9w0BAQEFAASCCS4wggkqAgEAAoICAQCvtt9M1b9Sop0M\n3gKZidEVocYnj9HcE3kO0UfQBZ3piyZLRIEBYlccnQnkrZjT+at5AX9g8VClXM3c\nYk3NW/Z/+61wSnX51ZhHHEf6lHOkgV/NIjZs6xQUQKnFi2sjWPqYKqqa4KpVrrdZ\nQUc8yFtjay37cyp+8azYy6rp5rT21/YEeXzi0uNDWnxAQEI4CHCHfcRN65tMt1Mz\nZaT9MmyWe6L1odxAM38I6cMSdOYdmE3BO4H6ugHS029ZR8DTL9hg/Z5McYxONxwV\n8B8km0USyI9WzeZ9G1792PxAGGuolAAZLzONyLHzEJ1zrYEQKC1CWCsjXMWkjuLG\neYoz8IqZ8Piru3dlI5wtQJ1wjTkEla0t1GCiP7k9MMJUblNJFPyHF4NdvOszAM8j\nJ7P+3xmovgnq4mpRWigL6RRP+Z/YfGTMt/oJLHlnotKZ1gDbKU5EeQKitrbYCHyd\nNd5fMY6DbsZIzCn17d8oI7FvMA/YDXwcnnkEhajeTlIfYSf0JCg2Y0vjHljfLewJ\ne6FvvJ3Rt/e2fYhkI/e8DmBCqU2WBcY/xubRA78LyZ6+yjQ75DPcQHCZzWx4/o4V\nFiM5sq2bS1q1+/FEczV8IVCCpYWAZID8XvIS4JMuJO5iD6GnhruHr/PqoAqg49M1\nlobo2g+7Vt3vAjSnJdiRQbKe0JQ/vQIDAQABAoICAQCTVZtXKcMK3x8gsucrJswS\nf1tPwOAO0KUpL4IvgwYt1Wd+pSompva0H1k0TftfgnGtPPw5pR4iCfbzW9ow33OJ\nTNbY2RajLd5JggU4r1FoFrLlplJMcbCcarvv0D89nFZDUUNMKiWpQp6qUHoTFUzL\nyAr+VErFto9gGSZuiewjLmIyzktRRdMZnr2ggkEECs+QTHxVecD2SqGQ7yGwzJ8Q\nbwrtO5MaohNavee7ihmJpzNLW0JZoa31wSQUkH22lt+wM/iP0IX872i1XGpAn5ED\ndvf5qRwiutijsVWRyOg8qhyLAXEQ6b+MN9pOLKWTjpykjJlfRWLT4Jt2IGMpuf/8\nQMpewFOogFnaWgUWWLhWF98tcNWnSZ7Gk4zG7lpsTHB04saRKYc95WlyULJiMBup\n3KjkJc8GnK5KUm3T6WMaX6iBQI89aS4Z2fG6kuVM0cZELva0KCl2SB7kEJNKvs0h\nVDXgfPYXcp01M59QPB9FBO2vJ6WELd5+lDj/HtN6778x9pGOu/sfYDblUG0xy4au\nmgBKciKV2s/F3d53aG1nkNIkkO6boFdK8BzqAHsHy3Ka/PDlkt5zeO/Goa9qiGes\nb3aqVNzgviRni3YQPzuL16vh7+KOc1mliVFEhPEc1PQEBDSuH2ljqSAMYBFl5WAH\nR9w4ySL7fxogyDhOqJVMAQKCAQEA0sRjiwSB2vSRsKqHrT+9zvisTNaffdcrBNlp\nNBhqp6799/Zp6th8n6brtjuoVWLLezoWSeC2DWUX6N2XQRbnMtv88qyETtUNMrAM\nKCc2w0DU/NxUb4z/ZlYUUD831PuezhPEl2bTqwwfWnHD9dZ1rF6AdLb9edcry/Px\nRFwDY2DKu/iu7lNIS0kC0lfjWDs29rVkktG7kqeNn8HWvNi1I/Gx/Bvc5FbVmjFB\n3QOlCNjifi/DDTOyn/J35OUL6RddI0TdHaPCymG12J2q+Qm/n1xuToOAwOxE3idR\ny2ISjFrQy2hmqX74VAKE25nLO+Urk4sk2CKtBT2PQaRVUkhUHQKCAQEA1WysBSGQ\nMVnHEwaynyHLFGxnN7HZw9SBEqnGF9MQCYMMLtCTva9kvS1S3PgLipTdq2Ahv54o\nkaYclVNtJKgU8NIwlx/WOMkMi7wK/ipLG1BhQtqZHoOiXM5pXrYYjl2ZE9Ma1W9e\nvsJNK7EsA0E+ImqzSEJmqZDdsPS7Gf1Gt6NfoE1T87/X+n843ZnjyMkL+YDDDcwg\nGeCh5vCctrrLf4HKtmRUxAwkaShrPGZnfsStbymu5JPUm+/0nkz+AnLtNmte8gWN\nKVf6YvJxdTIrfkI2pq3ccpMnk4USBs2Rck4c3AHVVtnCfTzuTD99SvRZ1d3y39Aj\nfHJ1tYzbgjqIIQKCAQBjaOvGgw64dkhNOnGZ/omJGHM0HrrFQPpyZBUh1C5h/sCc\n9uWINim5p6Jfpo3EEEAHVCN1Hv7fHIKFfBa+RY4wx9/rmgEhqY17Ddv+CFjlCSws\nQ8OzhZ5k507Xdqnf0/pYGqzL+Fz3vVUAdM5HoqqH7V7LLhAqKpnmrZ1rb7bNZbbZ\np/biQ/fCQqKJEZkSYYOQI4hXU4MULeE3q9ab5d6yIGqhjYbHUEmZW4hENVbe8GUL\nvX1TOcITfOqd1Iaknzd3ziA4vae/iwyZKeydX8K46IDCmXXeCNKGsab7tbsn5iG6\n/vgFE/UOss11QnnAO1wtUCDFrL1MzndGL7tqfuDlAoIBAQCf+l6TVg5Ev9wWae3Y\nlLcqLvvL5reqMA80UyhW0XHy/1VRfi1QgTmNCH1Vf2T/Uwk6HcwOW1pjmtVQJYHp\neUiBH70mesnUNPf/gkvnKwKzjbPqLfuawOcik+KuCOctSAGnt5Ukqd+mM/UurBam\ntfACUmLi5ksYDavvqfLZz12D56WVfoFQc9xMO7L/gQwahIFCW/9Zx0nEu/oAJxoB\natGBWWP/BgP4FHXykUaYttYbUwgCDIe5dQpofRyq0GGSql0fbqpz1i9y7yyToNHl\nHF83vCBFHovhImcHEDdr/AlrWhwN2h31hTNhNxwU8X5UggcY5c7Zb6Y58X5EQTqF\nSqShAoIBAQC5x1CvS6O0g+cTYwWwrEhb2/1bLCaOru3av1YjPRRTD8pOsOUbwDyo\nm5axCr5r8Or0lhSkLV75s9A6npixpLjjPK4TToEdl8kAmzjGRzRbVFaubylEljch\nu6TObDgzLXFfcz8bYCP6uTsiYFuXUo5pXj0VXPFTIWkX8HYBhVQrjcu7Dk3I13MV\nhbAI3KW4+HNj4hwGkK/pdv7x2jcnxhN8vqDcJRkULB6bO0YU+3kswqyn2pWfhjG0\naH2qpaT/6gtcCBy2iKVsHD2eopnZqEMat5K13IMK/g4NuaIDWeaOPe4WruhigLDw\n4KDICjE3GnxgSdI0r2Ru9tS3vE7U/C63\n-----END PRIVATE KEY-----\n",
            "public_key_fingerprint_md5": "cc:50:21:39:fe:0f:a4:ce:d1:91:05:b3:c5:77:d8:82",
            "public_key_fingerprint_sha256": "SHA256:GY4DAXqECt7gBkEUw80Yltv0s2St4MUApyEw6bYeslA",
            "public_key_openssh": "ssh-rsa AAAAB3NzaC1yc2EAAAADAQABAAACAQCvtt9M1b9Sop0M3gKZidEVocYnj9HcE3kO0UfQBZ3piyZLRIEBYlccnQnkrZjT+at5AX9g8VClXM3cYk3NW/Z/+61wSnX51ZhHHEf6lHOkgV/NIjZs6xQUQKnFi2sjWPqYKqqa4KpVrrdZQUc8yFtjay37cyp+8azYy6rp5rT21/YEeXzi0uNDWnxAQEI4CHCHfcRN65tMt1MzZaT9MmyWe6L1odxAM38I6cMSdOYdmE3BO4H6ugHS029ZR8DTL9hg/Z5McYxONxwV8B8km0USyI9WzeZ9G1792PxAGGuolAAZLzONyLHzEJ1zrYEQKC1CWCsjXMWkjuLGeYoz8IqZ8Piru3dlI5wtQJ1wjTkEla0t1GCiP7k9MMJUblNJFPyHF4NdvOszAM8jJ7P+3xmovgnq4mpRWigL6RRP+Z/YfGTMt/oJLHlnotKZ1gDbKU5EeQKitrbYCHydNd5fMY6DbsZIzCn17d8oI7FvMA/YDXwcnnkEhajeTlIfYSf0JCg2Y0vjHljfLewJe6FvvJ3Rt/e2fYhkI/e8DmBCqU2WBcY/xubRA78LyZ6+yjQ75DPcQHCZzWx4/o4VFiM5sq2bS1q1+/FEczV8IVCCpYWAZID8XvIS4JMuJO5iD6GnhruHr/PqoAqg49M1lobo2g+7Vt3vAjSnJdiRQbKe0JQ/vQ==\n",
            "public_key_pem": "-----BEGIN PUBLIC KEY-----\nMIICIjANBgkqhkiG9w0BAQEFAAOCAg8AMIICCgKCAgEAr7bfTNW/UqKdDN4CmYnR\nFaHGJ4/R3BN5DtFH0AWd6YsmS0SBAWJXHJ0J5K2Y0/mreQF/YPFQpVzN3GJNzVv2\nf/utcEp1+dWYRxxH+pRzpIFfzSI2bOsUFECpxYtrI1j6mCqqmuCqVa63WUFHPMhb\nY2st+3MqfvGs2Muq6ea09tf2BHl84tLjQ1p8QEBCOAhwh33ETeubTLdTM2Wk/TJs\nlnui9aHcQDN/COnDEnTmHZhNwTuB+roB0tNvWUfA0y/YYP2eTHGMTjccFfAfJJtF\nEsiPVs3mfRte/dj8QBhrqJQAGS8zjcix8xCdc62BECgtQlgrI1zFpI7ixnmKM/CK\nmfD4q7t3ZSOcLUCdcI05BJWtLdRgoj+5PTDCVG5TSRT8hxeDXbzrMwDPIyez/t8Z\nqL4J6uJqUVooC+kUT/mf2HxkzLf6CSx5Z6LSmdYA2ylORHkCora22Ah8nTXeXzGO\ng27GSMwp9e3fKCOxbzAP2A18HJ55BIWo3k5SH2En9CQoNmNL4x5Y3y3sCXuhb7yd\n0bf3tn2IZCP3vA5gQqlNlgXGP8bm0QO/C8mevso0O+Qz3EBwmc1seP6OFRYjObKt\nm0tatfvxRHM1fCFQgqWFgGSA/F7yEuCTLiTuYg+hp4a7h6/z6qAKoOPTNZaG6NoP\nu1bd7wI0pyXYkUGyntCUP70CAwEAAQ==\n-----END PUBLIC KEY-----\n",
            "rsa_bits": 4096
          },
          "sensitive_attributes": []
        }
      ]
    }
  ],
  "check_results": null
}
